
Microsoft Visual Studio Solution File, Format Version 12.00
# Visual Studio Version 17
VisualStudioVersion = 17.8.34330.188
MinimumVisualStudioVersion = 10.0.40219.1
Project("{9A19103F-16F7-4668-BE54-9A1E7A4F7556}") = "ApiProyectoAWS", "ApiProyectoAWS\ApiProyectoAWS.csproj", "{13712CEB-4352-4C07-8342-34988078FE28}"
EndProject
Global
	GlobalSection(SolutionConfigurationPlatforms) = preSolution
		Debug|Any CPU = Debug|Any CPU
		Release|Any CPU = Release|Any CPU
	EndGlobalSection
	GlobalSection(ProjectConfigurationPlatforms) = postSolution
		{13712CEB-4352-4C07-8342-34988078FE28}.Debug|Any CPU.ActiveCfg = Debug|Any CPU
		{13712CEB-4352-4C07-8342-34988078FE28}.Debug|Any CPU.Build.0 = Debug|Any CPU
		{13712CEB-4352-4C07-8342-34988078FE28}.Release|Any CPU.ActiveCfg = Release|Any CPU
		{13712CEB-4352-4C07-8342-34988078FE28}.Release|Any CPU.Build.0 = Release|Any CPU
	EndGlobalSection
	GlobalSection(SolutionProperties) = preSolution
		HideSolutionNode = FALSE
	EndGlobalSection
	GlobalSection(ExtensibilityGlobals) = postSolution
		SolutionGuid = {A70DAD2F-EA6B-47ED-A701-547E7C9FACBD}
	EndGlobalSection
EndGlobal
